
Microsoft Visual Studio Solution File, Format Version 12.00
# Visual Studio Version 17
VisualStudioVersion = 17.0.32014.148
MinimumVisualStudioVersion = 10.0.40219.1
Project("{FAE04EC0-301F-11D3-BF4B-00C04F79EFBC}") = "CrawManhwa", "CrawManhwa\CrawManhwa.csproj", "{A605B890-EB70-4C70-A065-F71A33009925}"
EndProject
Global
	GlobalSection(SolutionConfigurationPlatforms) = preSolution
		Debug|Any CPU = Debug|Any CPU
		Release|Any CPU = Release|Any CPU
	EndGlobalSection
	GlobalSection(ProjectConfigurationPlatforms) = postSolution
		{A605B890-EB70-4C70-A065-F71A33009925}.Debug|Any CPU.ActiveCfg = Debug|Any CPU
		{A605B890-EB70-4C70-A065-F71A33009925}.Debug|Any CPU.Build.0 = Debug|Any CPU
		{A605B890-EB70-4C70-A065-F71A33009925}.Release|Any CPU.ActiveCfg = Release|Any CPU
		{A605B890-EB70-4C70-A065-F71A33009925}.Release|Any CPU.Build.0 = Release|Any CPU
	EndGlobalSection
	GlobalSection(SolutionProperties) = preSolution
		HideSolutionNode = FALSE
	EndGlobalSection
	GlobalSection(ExtensibilityGlobals) = postSolution
		SolutionGuid = {63055EEF-594F-4078-8ED4-92777EC39572}
	EndGlobalSection
EndGlobal
